
Microsoft Visual Studio Solution File, Format Version 12.00
# Visual Studio Version 16
VisualStudioVersion = 16.0.31112.23
MinimumVisualStudioVersion = 10.0.40219.1
Project("{FAE04EC0-301F-11D3-BF4B-00C04F79EFBC}") = "FolhaDePagamento", "FolhaDePagamento\FolhaDePagamento.csproj", "{7DADAB62-CD6D-4BF7-989A-E100C9B2B07A}"
EndProject
Global
	GlobalSection(SolutionConfigurationPlatforms) = preSolution
		Debug|Any CPU = Debug|Any CPU
		Release|Any CPU = Release|Any CPU
	EndGlobalSection
	GlobalSection(ProjectConfigurationPlatforms) = postSolution
		{7DADAB62-CD6D-4BF7-989A-E100C9B2B07A}.Debug|Any CPU.ActiveCfg = Debug|Any CPU
		{7DADAB62-CD6D-4BF7-989A-E100C9B2B07A}.Debug|Any CPU.Build.0 = Debug|Any CPU
		{7DADAB62-CD6D-4BF7-989A-E100C9B2B07A}.Release|Any CPU.ActiveCfg = Release|Any CPU
		{7DADAB62-CD6D-4BF7-989A-E100C9B2B07A}.Release|Any CPU.Build.0 = Release|Any CPU
	EndGlobalSection
	GlobalSection(SolutionProperties) = preSolution
		HideSolutionNode = FALSE
	EndGlobalSection
	GlobalSection(ExtensibilityGlobals) = postSolution
		SolutionGuid = {15C3AE4C-82D3-4E84-A3D2-8709669F60E0}
	EndGlobalSection
EndGlobal
